<?xml version="1.0" encoding="utf-8"?>
<Project ToolsVersion="4.0" xmlns="http://schemas.microsoft.com/developer/msbuild/2003">
  <ItemGroup>
    <Filter Include="Source Files">
      <UniqueIdentifier>{4FC737F1-C7A5-4376-A066-2A32D752A2FF}</UniqueIdentifier>
      <Extensions>cpp;c;cc;cxx;c++;cppm;ixx;def;odl;idl;hpj;bat;asm;asmx</Extensions>
    </Filter>
    <Filter Include="Header Files">
      <UniqueIdentifier>{93995380-89BD-4b04-88EB-625FBE52EBFB}</UniqueIdentifier>
      <Extensions>h;hh;hpp;hxx;h++;hm;inl;inc;ipp;xsd</Extensions>
    </Filter>
    <Filter Include="Resource Files">
      <UniqueIdentifier>{67DA6AB6-F800-4c08-8B7A-83BB121AAD01}</UniqueIdentifier>
      <Extensions>rc;ico;cur;bmp;dlg;rc2;rct;bin;rgs;gif;jpg;jpeg;jpe;resx;tiff;tif;png;wav;mfcribbon-ms</Extensions>
    </Filter>
    <Filter Include="Entities">
      <UniqueIdentifier>{63e7197c-0c36-4d94-8d55-9080c965d8a7}</UniqueIdentifier>
    </Filter>
    <Filter Include="States">
      <UniqueIdentifier>{01292b13-524a-4980-a009-ed688652f585}</UniqueIdentifier>
    </Filter>
    <Filter Include="Entities\Components">
      <UniqueIdentifier>{c7896bfb-2d14-4c08-ac7b-8f736cc81d62}</UniqueIdentifier>
    </Filter>
    <Filter Include="GUI">
      <UniqueIdentifier>{bb1f7e1e-8b0c-4259-8850-b185148f3651}</UniqueIdentifier>
    </Filter>
    <Filter Include="Entities\PlayerOnly">
      <UniqueIdentifier>{837fe6b2-e8a7-492c-8643-d12d46ee830e}</UniqueIdentifier>
    </Filter>
    <Filter Include="Particles">
      <UniqueIdentifier>{8db4fd8c-61d7-42a2-8631-d895c7ee769b}</UniqueIdentifier>
    </Filter>
  </ItemGroup>
  <ItemGroup>
    <ClCompile Include="Main.cpp">
      <Filter>Source Files</Filter>
    </ClCompile>
    <ClCompile Include="Game.cpp">
      <Filter>Source Files</Filter>
    </ClCompile>
    <ClCompile Include="Player.cpp">
      <Filter>Entities</Filter>
    </ClCompile>
    <ClCompile Include="MainMenuState.cpp">
      <Filter>States</Filter>
    </ClCompile>
    <ClCompile Include="State.cpp">
      <Filter>States</Filter>
    </ClCompile>
    <ClCompile Include="GameState.cpp">
      <Filter>States</Filter>
    </ClCompile>
    <ClCompile Include="Entity.cpp">
      <Filter>Entities</Filter>
    </ClCompile>
    <ClCompile Include="GUI.cpp">
      <Filter>Resource Files</Filter>
    </ClCompile>
    <ClCompile Include="MovementComponent.cpp">
      <Filter>Entities\Components</Filter>
    </ClCompile>
    <ClCompile Include="AnimationComponent.cpp">
      <Filter>Entities\Components</Filter>
    </ClCompile>
    <ClCompile Include="HitboxComponent.cpp">
      <Filter>Entities\Components</Filter>
    </ClCompile>
    <ClCompile Include="PauseMenu.cpp">
      <Filter>GUI</Filter>
    </ClCompile>
    <ClCompile Include="Slime.cpp">
      <Filter>Entities</Filter>
    </ClCompile>
    <ClCompile Include="LeaderBoard.cpp">
      <Filter>States</Filter>
    </ClCompile>
    <ClCompile Include="NameInput.cpp">
      <Filter>GUI</Filter>
    </ClCompile>
    <ClCompile Include="ItemDrop.cpp">
      <Filter>Entities</Filter>
    </ClCompile>
    <ClCompile Include="SwordWave.cpp">
      <Filter>Entities\PlayerOnly</Filter>
    </ClCompile>
    <ClCompile Include="HowtoPlayState.cpp">
      <Filter>States</Filter>
    </ClCompile>
    <ClCompile Include="SwordFall.cpp">
      <Filter>Entities\PlayerOnly</Filter>
    </ClCompile>
    <ClCompile Include="pFirefly.cpp">
      <Filter>Particles</Filter>
    </ClCompile>
    <ClCompile Include="SlimeSplash.cpp">
      <Filter>Particles</Filter>
    </ClCompile>
  </ItemGroup>
  <ItemGroup>
    <ClInclude Include="Game.h">
      <Filter>Header Files</Filter>
    </ClInclude>
    <ClInclude Include="include.h">
      <Filter>Header Files</Filter>
    </ClInclude>
    <ClInclude Include="Player.h">
      <Filter>Entities</Filter>
    </ClInclude>
    <ClInclude Include="MainMenuState.h">
      <Filter>States</Filter>
    </ClInclude>
    <ClInclude Include="State.h">
      <Filter>States</Filter>
    </ClInclude>
    <ClInclude Include="GameState.h">
      <Filter>States</Filter>
    </ClInclude>
    <ClInclude Include="Entity.h">
      <Filter>Entities</Filter>
    </ClInclude>
    <ClInclude Include="GUI.h">
      <Filter>Resource Files</Filter>
    </ClInclude>
    <ClInclude Include="MovementComponent.h">
      <Filter>Entities\Components</Filter>
    </ClInclude>
    <ClInclude Include="AnimationComponent.h">
      <Filter>Entities\Components</Filter>
    </ClInclude>
    <ClInclude Include="HitboxComponent.h">
      <Filter>Entities\Components</Filter>
    </ClInclude>
    <ClInclude Include="PauseMenu.h">
      <Filter>GUI</Filter>
    </ClInclude>
    <ClInclude Include="Slime.h">
      <Filter>Entities</Filter>
    </ClInclude>
    <ClInclude Include="LeaderBoard.h">
      <Filter>States</Filter>
    </ClInclude>
    <ClInclude Include="NameInput.h">
      <Filter>GUI</Filter>
    </ClInclude>
    <ClInclude Include="ItemDrop.h">
      <Filter>Entities</Filter>
    </ClInclude>
    <ClInclude Include="SwordWave.h">
      <Filter>Entities\PlayerOnly</Filter>
    </ClInclude>
    <ClInclude Include="HowtoPlayState.h">
      <Filter>States</Filter>
    </ClInclude>
    <ClInclude Include="SwordFall.h">
      <Filter>Entities\PlayerOnly</Filter>
    </ClInclude>
    <ClInclude Include="pFirefly.h">
      <Filter>Particles</Filter>
    </ClInclude>
    <ClInclude Include="SlimeSplash.h">
      <Filter>Particles</Filter>
    </ClInclude>
    <ClInclude Include="resource.h">
      <Filter>Header Files</Filter>
    </ClInclude>
  </ItemGroup>
  <ItemGroup>
    <None Include="fragment_shader.frag">
      <Filter>Resource Files</Filter>
    </None>
    <None Include="vertex_shader.vert">
      <Filter>Resource Files</Filter>
    </None>
  </ItemGroup>
</Project>